
Microsoft Visual Studio Solution File, Format Version 12.00
# Visual Studio 15
VisualStudioVersion = 15.0.27004.2010
MinimumVisualStudioVersion = 10.0.40219.1
Project("{FAE04EC0-301F-11D3-BF4B-00C04F79EFBC}") = "ApptestSsh.Android", "ApptestSsh\ApptestSsh.Android\ApptestSsh.Android.csproj", "{5EEBB5DF-1D39-426C-B0D4-BEE73E6F2FDA}"
EndProject
Project("{FAE04EC0-301F-11D3-BF4B-00C04F79EFBC}") = "ApptestSsh.Core", "ApptestSsh\ApptestSsh\ApptestSsh.Core.csproj", "{4EE5BE30-F4A9-4F55-B180-91C440B40134}"
EndProject
Project("{FAE04EC0-301F-11D3-BF4B-00C04F79EFBC}") = "ApptestSsh.UWP", "ApptestSsh\ApptestSsh.UWP\ApptestSsh.UWP.csproj", "{7E09ED81-CF03-4605-8953-2E0122EBF6A7}"
EndProject
Project("{FAE04EC0-301F-11D3-BF4B-00C04F79EFBC}") = "ApptestSsh.iOS", "ApptestSsh\ApptestSsh.iOS\ApptestSsh.iOS.csproj", "{414E3791-24C4-4F4D-83D8-B1B10DF59E75}"
EndProject
Project("{FAE04EC0-301F-11D3-BF4B-00C04F79EFBC}") = "Doods.StdRepository", "Doods.StdRepository\Doods.StdRepository.csproj", "{13F126E6-AB09-4AAC-871E-5BC9B48E3E22}"
EndProject
Project("{FAE04EC0-301F-11D3-BF4B-00C04F79EFBC}") = "Doods.StdLibSsh", "Doods.StdLibSsh\Doods.StdLibSsh.csproj", "{67F9D3A8-F71E-4428-913F-C37AE82CDB24}"
EndProject
Project("{FAE04EC0-301F-11D3-BF4B-00C04F79EFBC}") = "Doods.StdFramework.Android.back", "Doods.StdFramework.Android\Doods.StdFramework.Android.back.csproj", "{3F6D4C71-2670-4821-B6ED-20A74E0FF372}"
EndProject
Project("{FAE04EC0-301F-11D3-BF4B-00C04F79EFBC}") = "Omv.Rpc.StdClient", "Omv.Rpc.StdClient\Omv.Rpc.StdClient.csproj", "{CF24EF32-35FF-4EE7-8306-B078EF0A5E73}"
EndProject
Project("{FAE04EC0-301F-11D3-BF4B-00C04F79EFBC}") = "Doods.StdFramework.Core", "Doods.StdFramework\Doods.StdFramework.Core.csproj", "{E0E74A7B-2314-49FF-B002-86F2BD3C0FED}"
EndProject
Project("{FAE04EC0-301F-11D3-BF4B-00C04F79EFBC}") = "Omv.Rpc.StdClient.Test", "Omv.Rpc.StdClient.Test\Omv.Rpc.StdClient.Test.csproj", "{47B66D5B-D51A-45AD-8046-6A015FF9DEC2}"
EndProject
Project("{FAE04EC0-301F-11D3-BF4B-00C04F79EFBC}") = "Omv.Rpc.Android", "Omv.Rpc.Android\Omv.Rpc.Android.csproj", "{CA87884D-5E4F-46B0-83E6-6CA34E5C74B2}"
EndProject
Global
	GlobalSection(SolutionConfigurationPlatforms) = preSolution
		Ad-Hoc|Any CPU = Ad-Hoc|Any CPU
		Ad-Hoc|ARM = Ad-Hoc|ARM
		Ad-Hoc|iPhone = Ad-Hoc|iPhone
		Ad-Hoc|iPhoneSimulator = Ad-Hoc|iPhoneSimulator
		Ad-Hoc|x64 = Ad-Hoc|x64
		Ad-Hoc|x86 = Ad-Hoc|x86
		AppStore|Any CPU = AppStore|Any CPU
		AppStore|ARM = AppStore|ARM
		AppStore|iPhone = AppStore|iPhone
		AppStore|iPhoneSimulator = AppStore|iPhoneSimulator
		AppStore|x64 = AppStore|x64
		AppStore|x86 = AppStore|x86
		Debug|Any CPU = Debug|Any CPU
		Debug|ARM = Debug|ARM
		Debug|iPhone = Debug|iPhone
		Debug|iPhoneSimulator = Debug|iPhoneSimulator
		Debug|x64 = Debug|x64
		Debug|x86 = Debug|x86
		Release|Any CPU = Release|Any CPU
		Release|ARM = Release|ARM
		Release|iPhone = Release|iPhone
		Release|iPhoneSimulator = Release|iPhoneSimulator
		Release|x64 = Release|x64
		Release|x86 = Release|x86
	EndGlobalSection
	GlobalSection(ProjectConfigurationPlatforms) = postSolution
		{5EEBB5DF-1D39-426C-B0D4-BEE73E6F2FDA}.Ad-Hoc|Any CPU.ActiveCfg = Release|Any CPU
		{5EEBB5DF-1D39-426C-B0D4-BEE73E6F2FDA}.Ad-Hoc|Any CPU.Build.0 = Release|Any CPU
		{5EEBB5DF-1D39-426C-B0D4-BEE73E6F2FDA}.Ad-Hoc|Any CPU.Deploy.0 = Release|Any CPU
		{5EEBB5DF-1D39-426C-B0D4-BEE73E6F2FDA}.Ad-Hoc|ARM.ActiveCfg = Release|Any CPU
		{5EEBB5DF-1D39-426C-B0D4-BEE73E6F2FDA}.Ad-Hoc|ARM.Build.0 = Release|Any CPU
		{5EEBB5DF-1D39-426C-B0D4-BEE73E6F2FDA}.Ad-Hoc|ARM.Deploy.0 = Release|Any CPU
		{5EEBB5DF-1D39-426C-B0D4-BEE73E6F2FDA}.Ad-Hoc|iPhone.ActiveCfg = Release|Any CPU
		{5EEBB5DF-1D39-426C-B0D4-BEE73E6F2FDA}.Ad-Hoc|iPhone.Build.0 = Release|Any CPU
		{5EEBB5DF-1D39-426C-B0D4-BEE73E6F2FDA}.Ad-Hoc|iPhone.Deploy.0 = Release|Any CPU
		{5EEBB5DF-1D39-426C-B0D4-BEE73E6F2FDA}.Ad-Hoc|iPhoneSimulator.ActiveCfg = Release|Any CPU
		{5EEBB5DF-1D39-426C-B0D4-BEE73E6F2FDA}.Ad-Hoc|iPhoneSimulator.Build.0 = Release|Any CPU
		{5EEBB5DF-1D39-426C-B0D4-BEE73E6F2FDA}.Ad-Hoc|iPhoneSimulator.Deploy.0 = Release|Any CPU
		{5EEBB5DF-1D39-426C-B0D4-BEE73E6F2FDA}.Ad-Hoc|x64.ActiveCfg = Release|Any CPU
		{5EEBB5DF-1D39-426C-B0D4-BEE73E6F2FDA}.Ad-Hoc|x64.Build.0 = Release|Any CPU
		{5EEBB5DF-1D39-426C-B0D4-BEE73E6F2FDA}.Ad-Hoc|x64.Deploy.0 = Release|Any CPU
		{5EEBB5DF-1D39-426C-B0D4-BEE73E6F2FDA}.Ad-Hoc|x86.ActiveCfg = Release|Any CPU
		{5EEBB5DF-1D39-426C-B0D4-BEE73E6F2FDA}.Ad-Hoc|x86.Build.0 = Release|Any CPU
		{5EEBB5DF-1D39-426C-B0D4-BEE73E6F2FDA}.Ad-Hoc|x86.Deploy.0 = Release|Any CPU
		{5EEBB5DF-1D39-426C-B0D4-BEE73E6F2FDA}.AppStore|Any CPU.ActiveCfg = Release|Any CPU
		{5EEBB5DF-1D39-426C-B0D4-BEE73E6F2FDA}.AppStore|Any CPU.Build.0 = Release|Any CPU
		{5EEBB5DF-1D39-426C-B0D4-BEE73E6F2FDA}.AppStore|Any CPU.Deploy.0 = Release|Any CPU
		{5EEBB5DF-1D39-426C-B0D4-BEE73E6F2FDA}.AppStore|ARM.ActiveCfg = Release|Any CPU
		{5EEBB5DF-1D39-426C-B0D4-BEE73E6F2FDA}.AppStore|ARM.Build.0 = Release|Any CPU
		{5EEBB5DF-1D39-426C-B0D4-BEE73E6F2FDA}.AppStore|ARM.Deploy.0 = Release|Any CPU
		{5EEBB5DF-1D39-426C-B0D4-BEE73E6F2FDA}.AppStore|iPhone.ActiveCfg = Release|Any CPU
		{5EEBB5DF-1D39-426C-B0D4-BEE73E6F2FDA}.AppStore|iPhone.Build.0 = Release|Any CPU
		{5EEBB5DF-1D39-426C-B0D4-BEE73E6F2FDA}.AppStore|iPhone.Deploy.0 = Release|Any CPU
		{5EEBB5DF-1D39-426C-B0D4-BEE73E6F2FDA}.AppStore|iPhoneSimulator.ActiveCfg = Release|Any CPU
		{5EEBB5DF-1D39-426C-B0D4-BEE73E6F2FDA}.AppStore|iPhoneSimulator.Build.0 = Release|Any CPU
		{5EEBB5DF-1D39-426C-B0D4-BEE73E6F2FDA}.AppStore|iPhoneSimulator.Deploy.0 = Release|Any CPU
		{5EEBB5DF-1D39-426C-B0D4-BEE73E6F2FDA}.AppStore|x64.ActiveCfg = Release|Any CPU
		{5EEBB5DF-1D39-426C-B0D4-BEE73E6F2FDA}.AppStore|x64.Build.0 = Release|Any CPU
		{5EEBB5DF-1D39-426C-B0D4-BEE73E6F2FDA}.AppStore|x64.Deploy.0 = Release|Any CPU
		{5EEBB5DF-1D39-426C-B0D4-BEE73E6F2FDA}.AppStore|x86.ActiveCfg = Release|Any CPU
		{5EEBB5DF-1D39-426C-B0D4-BEE73E6F2FDA}.AppStore|x86.Build.0 = Release|Any CPU
		{5EEBB5DF-1D39-426C-B0D4-BEE73E6F2FDA}.AppStore|x86.Deploy.0 = Release|Any CPU
		{5EEBB5DF-1D39-426C-B0D4-BEE73E6F2FDA}.Debug|Any CPU.ActiveCfg = Debug|Any CPU
		{5EEBB5DF-1D39-426C-B0D4-BEE73E6F2FDA}.Debug|Any CPU.Build.0 = Debug|Any CPU
		{5EEBB5DF-1D39-426C-B0D4-BEE73E6F2FDA}.Debug|Any CPU.Deploy.0 = Debug|Any CPU
		{5EEBB5DF-1D39-426C-B0D4-BEE73E6F2FDA}.Debug|ARM.ActiveCfg = Debug|Any CPU
		{5EEBB5DF-1D39-426C-B0D4-BEE73E6F2FDA}.Debug|ARM.Build.0 = Debug|Any CPU
		{5EEBB5DF-1D39-426C-B0D4-BEE73E6F2FDA}.Debug|ARM.Deploy.0 = Debug|Any CPU
		{5EEBB5DF-1D39-426C-B0D4-BEE73E6F2FDA}.Debug|iPhone.ActiveCfg = Debug|Any CPU
		{5EEBB5DF-1D39-426C-B0D4-BEE73E6F2FDA}.Debug|iPhone.Build.0 = Debug|Any CPU
		{5EEBB5DF-1D39-426C-B0D4-BEE73E6F2FDA}.Debug|iPhone.Deploy.0 = Debug|Any CPU
		{5EEBB5DF-1D39-426C-B0D4-BEE73E6F2FDA}.Debug|iPhoneSimulator.ActiveCfg = Debug|Any CPU
		{5EEBB5DF-1D39-426C-B0D4-BEE73E6F2FDA}.Debug|iPhoneSimulator.Build.0 = Debug|Any CPU
		{5EEBB5DF-1D39-426C-B0D4-BEE73E6F2FDA}.Debug|iPhoneSimulator.Deploy.0 = Debug|Any CPU
		{5EEBB5DF-1D39-426C-B0D4-BEE73E6F2FDA}.Debug|x64.ActiveCfg = Debug|Any CPU
		{5EEBB5DF-1D39-426C-B0D4-BEE73E6F2FDA}.Debug|x64.Build.0 = Debug|Any CPU
		{5EEBB5DF-1D39-426C-B0D4-BEE73E6F2FDA}.Debug|x64.Deploy.0 = Debug|Any CPU
		{5EEBB5DF-1D39-426C-B0D4-BEE73E6F2FDA}.Debug|x86.ActiveCfg = Debug|Any CPU
		{5EEBB5DF-1D39-426C-B0D4-BEE73E6F2FDA}.Debug|x86.Build.0 = Debug|Any CPU
		{5EEBB5DF-1D39-426C-B0D4-BEE73E6F2FDA}.Debug|x86.Deploy.0 = Debug|Any CPU
		{5EEBB5DF-1D39-426C-B0D4-BEE73E6F2FDA}.Release|Any CPU.ActiveCfg = Release|Any CPU
		{5EEBB5DF-1D39-426C-B0D4-BEE73E6F2FDA}.Release|Any CPU.Build.0 = Release|Any CPU
		{5EEBB5DF-1D39-426C-B0D4-BEE73E6F2FDA}.Release|Any CPU.Deploy.0 = Release|Any CPU
		{5EEBB5DF-1D39-426C-B0D4-BEE73E6F2FDA}.Release|ARM.ActiveCfg = Release|Any CPU
		{5EEBB5DF-1D39-426C-B0D4-BEE73E6F2FDA}.Release|ARM.Build.0 = Release|Any CPU
		{5EEBB5DF-1D39-426C-B0D4-BEE73E6F2FDA}.Release|ARM.Deploy.0 = Release|Any CPU
		{5EEBB5DF-1D39-426C-B0D4-BEE73E6F2FDA}.Release|iPhone.ActiveCfg = Release|Any CPU
		{5EEBB5DF-1D39-426C-B0D4-BEE73E6F2FDA}.Release|iPhone.Build.0 = Release|Any CPU
		{5EEBB5DF-1D39-426C-B0D4-BEE73E6F2FDA}.Release|iPhone.Deploy.0 = Release|Any CPU
		{5EEBB5DF-1D39-426C-B0D4-BEE73E6F2FDA}.Release|iPhoneSimulator.ActiveCfg = Release|Any CPU
		{5EEBB5DF-1D39-426C-B0D4-BEE73E6F2FDA}.Release|iPhoneSimulator.Build.0 = Release|Any CPU
		{5EEBB5DF-1D39-426C-B0D4-BEE73E6F2FDA}.Release|iPhoneSimulator.Deploy.0 = Release|Any CPU
		{5EEBB5DF-1D39-426C-B0D4-BEE73E6F2FDA}.Release|x64.ActiveCfg = Release|Any CPU
		{5EEBB5DF-1D39-426C-B0D4-BEE73E6F2FDA}.Release|x64.Build.0 = Release|Any CPU
		{5EEBB5DF-1D39-426C-B0D4-BEE73E6F2FDA}.Release|x64.Deploy.0 = Release|Any CPU
		{5EEBB5DF-1D39-426C-B0D4-BEE73E6F2FDA}.Release|x86.ActiveCfg = Release|Any CPU
		{5EEBB5DF-1D39-426C-B0D4-BEE73E6F2FDA}.Release|x86.Build.0 = Release|Any CPU
		{5EEBB5DF-1D39-426C-B0D4-BEE73E6F2FDA}.Release|x86.Deploy.0 = Release|Any CPU
		{4EE5BE30-F4A9-4F55-B180-91C440B40134}.Ad-Hoc|Any CPU.ActiveCfg = Release|Any CPU
		{4EE5BE30-F4A9-4F55-B180-91C440B40134}.Ad-Hoc|Any CPU.Build.0 = Release|Any CPU
		{4EE5BE30-F4A9-4F55-B180-91C440B40134}.Ad-Hoc|ARM.ActiveCfg = Release|Any CPU
		{4EE5BE30-F4A9-4F55-B180-91C440B40134}.Ad-Hoc|ARM.Build.0 = Release|Any CPU
		{4EE5BE30-F4A9-4F55-B180-91C440B40134}.Ad-Hoc|iPhone.ActiveCfg = Release|Any CPU
		{4EE5BE30-F4A9-4F55-B180-91C440B40134}.Ad-Hoc|iPhone.Build.0 = Release|Any CPU
		{4EE5BE30-F4A9-4F55-B180-91C440B40134}.Ad-Hoc|iPhoneSimulator.ActiveCfg = Release|Any CPU
		{4EE5BE30-F4A9-4F55-B180-91C440B40134}.Ad-Hoc|iPhoneSimulator.Build.0 = Release|Any CPU
		{4EE5BE30-F4A9-4F55-B180-91C440B40134}.Ad-Hoc|x64.ActiveCfg = Release|Any CPU
		{4EE5BE30-F4A9-4F55-B180-91C440B40134}.Ad-Hoc|x64.Build.0 = Release|Any CPU
		{4EE5BE30-F4A9-4F55-B180-91C440B40134}.Ad-Hoc|x86.ActiveCfg = Release|Any CPU
		{4EE5BE30-F4A9-4F55-B180-91C440B40134}.Ad-Hoc|x86.Build.0 = Release|Any CPU
		{4EE5BE30-F4A9-4F55-B180-91C440B40134}.AppStore|Any CPU.ActiveCfg = Release|Any CPU
		{4EE5BE30-F4A9-4F55-B180-91C440B40134}.AppStore|Any CPU.Build.0 = Release|Any CPU
		{4EE5BE30-F4A9-4F55-B180-91C440B40134}.AppStore|ARM.ActiveCfg = Release|Any CPU
		{4EE5BE30-F4A9-4F55-B180-91C440B40134}.AppStore|ARM.Build.0 = Release|Any CPU
		{4EE5BE30-F4A9-4F55-B180-91C440B40134}.AppStore|iPhone.ActiveCfg = Release|Any CPU
		{4EE5BE30-F4A9-4F55-B180-91C440B40134}.AppStore|iPhone.Build.0 = Release|Any CPU
		{4EE5BE30-F4A9-4F55-B180-91C440B40134}.AppStore|iPhoneSimulator.ActiveCfg = Release|Any CPU
		{4EE5BE30-F4A9-4F55-B180-91C440B40134}.AppStore|iPhoneSimulator.Build.0 = Release|Any CPU
		{4EE5BE30-F4A9-4F55-B180-91C440B40134}.AppStore|x64.ActiveCfg = Release|Any CPU
		{4EE5BE30-F4A9-4F55-B180-91C440B40134}.AppStore|x64.Build.0 = Release|Any CPU
		{4EE5BE30-F4A9-4F55-B180-91C440B40134}.AppStore|x86.ActiveCfg = Release|Any CPU
		{4EE5BE30-F4A9-4F55-B180-91C440B40134}.AppStore|x86.Build.0 = Release|Any CPU
		{4EE5BE30-F4A9-4F55-B180-91C440B40134}.Debug|Any CPU.ActiveCfg = Debug|Any CPU
		{4EE5BE30-F4A9-4F55-B180-91C440B40134}.Debug|Any CPU.Build.0 = Debug|Any CPU
		{4EE5BE30-F4A9-4F55-B180-91C440B40134}.Debug|ARM.ActiveCfg = Debug|Any CPU
		{4EE5BE30-F4A9-4F55-B180-91C440B40134}.Debug|ARM.Build.0 = Debug|Any CPU
		{4EE5BE30-F4A9-4F55-B180-91C440B40134}.Debug|iPhone.ActiveCfg = Debug|Any CPU
		{4EE5BE30-F4A9-4F55-B180-91C440B40134}.Debug|iPhone.Build.0 = Debug|Any CPU
		{4EE5BE30-F4A9-4F55-B180-91C440B40134}.Debug|iPhoneSimulator.ActiveCfg = Debug|Any CPU
		{4EE5BE30-F4A9-4F55-B180-91C440B40134}.Debug|iPhoneSimulator.Build.0 = Debug|Any CPU
		{4EE5BE30-F4A9-4F55-B180-91C440B40134}.Debug|x64.ActiveCfg = Debug|Any CPU
		{4EE5BE30-F4A9-4F55-B180-91C440B40134}.Debug|x64.Build.0 = Debug|Any CPU
		{4EE5BE30-F4A9-4F55-B180-91C440B40134}.Debug|x86.ActiveCfg = Debug|Any CPU
		{4EE5BE30-F4A9-4F55-B180-91C440B40134}.Debug|x86.Build.0 = Debug|Any CPU
		{4EE5BE30-F4A9-4F55-B180-91C440B40134}.Release|Any CPU.ActiveCfg = Release|Any CPU
		{4EE5BE30-F4A9-4F55-B180-91C440B40134}.Release|Any CPU.Build.0 = Release|Any CPU
		{4EE5BE30-F4A9-4F55-B180-91C440B40134}.Release|ARM.ActiveCfg = Release|Any CPU
		{4EE5BE30-F4A9-4F55-B180-91C440B40134}.Release|ARM.Build.0 = Release|Any CPU
		{4EE5BE30-F4A9-4F55-B180-91C440B40134}.Release|iPhone.ActiveCfg = Release|Any CPU
		{4EE5BE30-F4A9-4F55-B180-91C440B40134}.Release|iPhone.Build.0 = Release|Any CPU
		{4EE5BE30-F4A9-4F55-B180-91C440B40134}.Release|iPhoneSimulator.ActiveCfg = Release|Any CPU
		{4EE5BE30-F4A9-4F55-B180-91C440B40134}.Release|iPhoneSimulator.Build.0 = Release|Any CPU
		{4EE5BE30-F4A9-4F55-B180-91C440B40134}.Release|x64.ActiveCfg = Release|Any CPU
		{4EE5BE30-F4A9-4F55-B180-91C440B40134}.Release|x64.Build.0 = Release|Any CPU
		{4EE5BE30-F4A9-4F55-B180-91C440B40134}.Release|x86.ActiveCfg = Release|Any CPU
		{4EE5BE30-F4A9-4F55-B180-91C440B40134}.Release|x86.Build.0 = Release|Any CPU
		{7E09ED81-CF03-4605-8953-2E0122EBF6A7}.Ad-Hoc|Any CPU.ActiveCfg = Release|x86
		{7E09ED81-CF03-4605-8953-2E0122EBF6A7}.Ad-Hoc|Any CPU.Build.0 = Release|x86
		{7E09ED81-CF03-4605-8953-2E0122EBF6A7}.Ad-Hoc|Any CPU.Deploy.0 = Release|x86
		{7E09ED81-CF03-4605-8953-2E0122EBF6A7}.Ad-Hoc|ARM.ActiveCfg = Release|ARM
		{7E09ED81-CF03-4605-8953-2E0122EBF6A7}.Ad-Hoc|ARM.Build.0 = Release|ARM
		{7E09ED81-CF03-4605-8953-2E0122EBF6A7}.Ad-Hoc|ARM.Deploy.0 = Release|ARM
		{7E09ED81-CF03-4605-8953-2E0122EBF6A7}.Ad-Hoc|iPhone.ActiveCfg = Release|x86
		{7E09ED81-CF03-4605-8953-2E0122EBF6A7}.Ad-Hoc|iPhone.Build.0 = Release|x86
		{7E09ED81-CF03-4605-8953-2E0122EBF6A7}.Ad-Hoc|iPhone.Deploy.0 = Release|x86
		{7E09ED81-CF03-4605-8953-2E0122EBF6A7}.Ad-Hoc|iPhoneSimulator.ActiveCfg = Release|x86
		{7E09ED81-CF03-4605-8953-2E0122EBF6A7}.Ad-Hoc|iPhoneSimulator.Build.0 = Release|x86
		{7E09ED81-CF03-4605-8953-2E0122EBF6A7}.Ad-Hoc|iPhoneSimulator.Deploy.0 = Release|x86
		{7E09ED81-CF03-4605-8953-2E0122EBF6A7}.Ad-Hoc|x64.ActiveCfg = Release|x64
		{7E09ED81-CF03-4605-8953-2E0122EBF6A7}.Ad-Hoc|x64.Build.0 = Release|x64
		{7E09ED81-CF03-4605-8953-2E0122EBF6A7}.Ad-Hoc|x64.Deploy.0 = Release|x64
		{7E09ED81-CF03-4605-8953-2E0122EBF6A7}.Ad-Hoc|x86.ActiveCfg = Release|x86
		{7E09ED81-CF03-4605-8953-2E0122EBF6A7}.Ad-Hoc|x86.Build.0 = Release|x86
		{7E09ED81-CF03-4605-8953-2E0122EBF6A7}.Ad-Hoc|x86.Deploy.0 = Release|x86
		{7E09ED81-CF03-4605-8953-2E0122EBF6A7}.AppStore|Any CPU.ActiveCfg = Release|x86
		{7E09ED81-CF03-4605-8953-2E0122EBF6A7}.AppStore|Any CPU.Build.0 = Release|x86
		{7E09ED81-CF03-4605-8953-2E0122EBF6A7}.AppStore|Any CPU.Deploy.0 = Release|x86
		{7E09ED81-CF03-4605-8953-2E0122EBF6A7}.AppStore|ARM.ActiveCfg = Release|ARM
		{7E09ED81-CF03-4605-8953-2E0122EBF6A7}.AppStore|ARM.Build.0 = Release|ARM
		{7E09ED81-CF03-4605-8953-2E0122EBF6A7}.AppStore|ARM.Deploy.0 = Release|ARM
		{7E09ED81-CF03-4605-8953-2E0122EBF6A7}.AppStore|iPhone.ActiveCfg = Release|x86
		{7E09ED81-CF03-4605-8953-2E0122EBF6A7}.AppStore|iPhone.Build.0 = Release|x86
		{7E09ED81-CF03-4605-8953-2E0122EBF6A7}.AppStore|iPhone.Deploy.0 = Release|x86
		{7E09ED81-CF03-4605-8953-2E0122EBF6A7}.AppStore|iPhoneSimulator.ActiveCfg = Release|x86
		{7E09ED81-CF03-4605-8953-2E0122EBF6A7}.AppStore|iPhoneSimulator.Build.0 = Release|x86
		{7E09ED81-CF03-4605-8953-2E0122EBF6A7}.AppStore|iPhoneSimulator.Deploy.0 = Release|x86
		{7E09ED81-CF03-4605-8953-2E0122EBF6A7}.AppStore|x64.ActiveCfg = Release|x64
		{7E09ED81-CF03-4605-8953-2E0122EBF6A7}.AppStore|x64.Build.0 = Release|x64
		{7E09ED81-CF03-4605-8953-2E0122EBF6A7}.AppStore|x64.Deploy.0 = Release|x64
		{7E09ED81-CF03-4605-8953-2E0122EBF6A7}.AppStore|x86.ActiveCfg = Release|x86
		{7E09ED81-CF03-4605-8953-2E0122EBF6A7}.AppStore|x86.Build.0 = Release|x86
		{7E09ED81-CF03-4605-8953-2E0122EBF6A7}.AppStore|x86.Deploy.0 = Release|x86
		{7E09ED81-CF03-4605-8953-2E0122EBF6A7}.Debug|Any CPU.ActiveCfg = Debug|x86
		{7E09ED81-CF03-4605-8953-2E0122EBF6A7}.Debug|ARM.ActiveCfg = Debug|ARM
		{7E09ED81-CF03-4605-8953-2E0122EBF6A7}.Debug|ARM.Build.0 = Debug|ARM
		{7E09ED81-CF03-4605-8953-2E0122EBF6A7}.Debug|ARM.Deploy.0 = Debug|ARM
		{7E09ED81-CF03-4605-8953-2E0122EBF6A7}.Debug|iPhone.ActiveCfg = Debug|x86
		{7E09ED81-CF03-4605-8953-2E0122EBF6A7}.Debug|iPhoneSimulator.ActiveCfg = Debug|x86
		{7E09ED81-CF03-4605-8953-2E0122EBF6A7}.Debug|x64.ActiveCfg = Debug|x64
		{7E09ED81-CF03-4605-8953-2E0122EBF6A7}.Debug|x64.Build.0 = Debug|x64
		{7E09ED81-CF03-4605-8953-2E0122EBF6A7}.Debug|x64.Deploy.0 = Debug|x64
		{7E09ED81-CF03-4605-8953-2E0122EBF6A7}.Debug|x86.ActiveCfg = Debug|x86
		{7E09ED81-CF03-4605-8953-2E0122EBF6A7}.Debug|x86.Build.0 = Debug|x86
		{7E09ED81-CF03-4605-8953-2E0122EBF6A7}.Debug|x86.Deploy.0 = Debug|x86
		{7E09ED81-CF03-4605-8953-2E0122EBF6A7}.Release|Any CPU.ActiveCfg = Release|x86
		{7E09ED81-CF03-4605-8953-2E0122EBF6A7}.Release|ARM.ActiveCfg = Release|ARM
		{7E09ED81-CF03-4605-8953-2E0122EBF6A7}.Release|ARM.Build.0 = Release|ARM
		{7E09ED81-CF03-4605-8953-2E0122EBF6A7}.Release|ARM.Deploy.0 = Release|ARM
		{7E09ED81-CF03-4605-8953-2E0122EBF6A7}.Release|iPhone.ActiveCfg = Release|x86
		{7E09ED81-CF03-4605-8953-2E0122EBF6A7}.Release|iPhoneSimulator.ActiveCfg = Release|x86
		{7E09ED81-CF03-4605-8953-2E0122EBF6A7}.Release|x64.ActiveCfg = Release|x64
		{7E09ED81-CF03-4605-8953-2E0122EBF6A7}.Release|x64.Build.0 = Release|x64
		{7E09ED81-CF03-4605-8953-2E0122EBF6A7}.Release|x64.Deploy.0 = Release|x64
		{7E09ED81-CF03-4605-8953-2E0122EBF6A7}.Release|x86.ActiveCfg = Release|x86
		{7E09ED81-CF03-4605-8953-2E0122EBF6A7}.Release|x86.Build.0 = Release|x86
		{7E09ED81-CF03-4605-8953-2E0122EBF6A7}.Release|x86.Deploy.0 = Release|x86
		{414E3791-24C4-4F4D-83D8-B1B10DF59E75}.Ad-Hoc|Any CPU.ActiveCfg = Ad-Hoc|iPhone
		{414E3791-24C4-4F4D-83D8-B1B10DF59E75}.Ad-Hoc|ARM.ActiveCfg = Ad-Hoc|iPhone
		{414E3791-24C4-4F4D-83D8-B1B10DF59E75}.Ad-Hoc|iPhone.ActiveCfg = Ad-Hoc|iPhone
		{414E3791-24C4-4F4D-83D8-B1B10DF59E75}.Ad-Hoc|iPhone.Build.0 = Ad-Hoc|iPhone
		{414E3791-24C4-4F4D-83D8-B1B10DF59E75}.Ad-Hoc|iPhoneSimulator.ActiveCfg = Ad-Hoc|iPhoneSimulator
		{414E3791-24C4-4F4D-83D8-B1B10DF59E75}.Ad-Hoc|iPhoneSimulator.Build.0 = Ad-Hoc|iPhoneSimulator
		{414E3791-24C4-4F4D-83D8-B1B10DF59E75}.Ad-Hoc|x64.ActiveCfg = Ad-Hoc|iPhone
		{414E3791-24C4-4F4D-83D8-B1B10DF59E75}.Ad-Hoc|x86.ActiveCfg = Ad-Hoc|iPhone
		{414E3791-24C4-4F4D-83D8-B1B10DF59E75}.AppStore|Any CPU.ActiveCfg = AppStore|iPhone
		{414E3791-24C4-4F4D-83D8-B1B10DF59E75}.AppStore|ARM.ActiveCfg = AppStore|iPhone
		{414E3791-24C4-4F4D-83D8-B1B10DF59E75}.AppStore|iPhone.ActiveCfg = AppStore|iPhone
		{414E3791-24C4-4F4D-83D8-B1B10DF59E75}.AppStore|iPhone.Build.0 = AppStore|iPhone
		{414E3791-24C4-4F4D-83D8-B1B10DF59E75}.AppStore|iPhoneSimulator.ActiveCfg = AppStore|iPhoneSimulator
		{414E3791-24C4-4F4D-83D8-B1B10DF59E75}.AppStore|iPhoneSimulator.Build.0 = AppStore|iPhoneSimulator
		{414E3791-24C4-4F4D-83D8-B1B10DF59E75}.AppStore|x64.ActiveCfg = AppStore|iPhone
		{414E3791-24C4-4F4D-83D8-B1B10DF59E75}.AppStore|x86.ActiveCfg = AppStore|iPhone
		{414E3791-24C4-4F4D-83D8-B1B10DF59E75}.Debug|Any CPU.ActiveCfg = Debug|iPhone
		{414E3791-24C4-4F4D-83D8-B1B10DF59E75}.Debug|ARM.ActiveCfg = Debug|iPhone
		{414E3791-24C4-4F4D-83D8-B1B10DF59E75}.Debug|iPhone.ActiveCfg = Debug|iPhone
		{414E3791-24C4-4F4D-83D8-B1B10DF59E75}.Debug|iPhone.Build.0 = Debug|iPhone
		{414E3791-24C4-4F4D-83D8-B1B10DF59E75}.Debug|iPhoneSimulator.ActiveCfg = Debug|iPhoneSimulator
		{414E3791-24C4-4F4D-83D8-B1B10DF59E75}.Debug|iPhoneSimulator.Build.0 = Debug|iPhoneSimulator
		{414E3791-24C4-4F4D-83D8-B1B10DF59E75}.Debug|x64.ActiveCfg = Debug|iPhone
		{414E3791-24C4-4F4D-83D8-B1B10DF59E75}.Debug|x86.ActiveCfg = Debug|iPhone
		{414E3791-24C4-4F4D-83D8-B1B10DF59E75}.Release|Any CPU.ActiveCfg = Release|iPhone
		{414E3791-24C4-4F4D-83D8-B1B10DF59E75}.Release|ARM.ActiveCfg = Release|iPhone
		{414E3791-24C4-4F4D-83D8-B1B10DF59E75}.Release|iPhone.ActiveCfg = Release|iPhone
		{414E3791-24C4-4F4D-83D8-B1B10DF59E75}.Release|iPhone.Build.0 = Release|iPhone
		{414E3791-24C4-4F4D-83D8-B1B10DF59E75}.Release|iPhoneSimulator.ActiveCfg = Release|iPhoneSimulator
		{414E3791-24C4-4F4D-83D8-B1B10DF59E75}.Release|iPhoneSimulator.Build.0 = Release|iPhoneSimulator
		{414E3791-24C4-4F4D-83D8-B1B10DF59E75}.Release|x64.ActiveCfg = Release|iPhone
		{414E3791-24C4-4F4D-83D8-B1B10DF59E75}.Release|x86.ActiveCfg = Release|iPhone
		{13F126E6-AB09-4AAC-871E-5BC9B48E3E22}.Ad-Hoc|Any CPU.ActiveCfg = Release|Any CPU
		{13F126E6-AB09-4AAC-871E-5BC9B48E3E22}.Ad-Hoc|Any CPU.Build.0 = Release|Any CPU
		{13F126E6-AB09-4AAC-871E-5BC9B48E3E22}.Ad-Hoc|ARM.ActiveCfg = Release|Any CPU
		{13F126E6-AB09-4AAC-871E-5BC9B48E3E22}.Ad-Hoc|ARM.Build.0 = Release|Any CPU
		{13F126E6-AB09-4AAC-871E-5BC9B48E3E22}.Ad-Hoc|iPhone.ActiveCfg = Release|Any CPU
		{13F126E6-AB09-4AAC-871E-5BC9B48E3E22}.Ad-Hoc|iPhone.Build.0 = Release|Any CPU
		{13F126E6-AB09-4AAC-871E-5BC9B48E3E22}.Ad-Hoc|iPhoneSimulator.ActiveCfg = Release|Any CPU
		{13F126E6-AB09-4AAC-871E-5BC9B48E3E22}.Ad-Hoc|iPhoneSimulator.Build.0 = Release|Any CPU
		{13F126E6-AB09-4AAC-871E-5BC9B48E3E22}.Ad-Hoc|x64.ActiveCfg = Release|Any CPU
		{13F126E6-AB09-4AAC-871E-5BC9B48E3E22}.Ad-Hoc|x64.Build.0 = Release|Any CPU
		{13F126E6-AB09-4AAC-871E-5BC9B48E3E22}.Ad-Hoc|x86.ActiveCfg = Release|Any CPU
		{13F126E6-AB09-4AAC-871E-5BC9B48E3E22}.Ad-Hoc|x86.Build.0 = Release|Any CPU
		{13F126E6-AB09-4AAC-871E-5BC9B48E3E22}.AppStore|Any CPU.ActiveCfg = Release|Any CPU
		{13F126E6-AB09-4AAC-871E-5BC9B48E3E22}.AppStore|Any CPU.Build.0 = Release|Any CPU
		{13F126E6-AB09-4AAC-871E-5BC9B48E3E22}.AppStore|ARM.ActiveCfg = Release|Any CPU
		{13F126E6-AB09-4AAC-871E-5BC9B48E3E22}.AppStore|ARM.Build.0 = Release|Any CPU
		{13F126E6-AB09-4AAC-871E-5BC9B48E3E22}.AppStore|iPhone.ActiveCfg = Release|Any CPU
		{13F126E6-AB09-4AAC-871E-5BC9B48E3E22}.AppStore|iPhone.Build.0 = Release|Any CPU
		{13F126E6-AB09-4AAC-871E-5BC9B48E3E22}.AppStore|iPhoneSimulator.ActiveCfg = Release|Any CPU
		{13F126E6-AB09-4AAC-871E-5BC9B48E3E22}.AppStore|iPhoneSimulator.Build.0 = Release|Any CPU
		{13F126E6-AB09-4AAC-871E-5BC9B48E3E22}.AppStore|x64.ActiveCfg = Release|Any CPU
		{13F126E6-AB09-4AAC-871E-5BC9B48E3E22}.AppStore|x64.Build.0 = Release|Any CPU
		{13F126E6-AB09-4AAC-871E-5BC9B48E3E22}.AppStore|x86.ActiveCfg = Release|Any CPU
		{13F126E6-AB09-4AAC-871E-5BC9B48E3E22}.AppStore|x86.Build.0 = Release|Any CPU
		{13F126E6-AB09-4AAC-871E-5BC9B48E3E22}.Debug|Any CPU.ActiveCfg = Debug|Any CPU
		{13F126E6-AB09-4AAC-871E-5BC9B48E3E22}.Debug|Any CPU.Build.0 = Debug|Any CPU
		{13F126E6-AB09-4AAC-871E-5BC9B48E3E22}.Debug|ARM.ActiveCfg = Debug|Any CPU
		{13F126E6-AB09-4AAC-871E-5BC9B48E3E22}.Debug|ARM.Build.0 = Debug|Any CPU
		{13F126E6-AB09-4AAC-871E-5BC9B48E3E22}.Debug|iPhone.ActiveCfg = Debug|Any CPU
		{13F126E6-AB09-4AAC-871E-5BC9B48E3E22}.Debug|iPhone.Build.0 = Debug|Any CPU
		{13F126E6-AB09-4AAC-871E-5BC9B48E3E22}.Debug|iPhoneSimulator.ActiveCfg = Debug|Any CPU
		{13F126E6-AB09-4AAC-871E-5BC9B48E3E22}.Debug|iPhoneSimulator.Build.0 = Debug|Any CPU
		{13F126E6-AB09-4AAC-871E-5BC9B48E3E22}.Debug|x64.ActiveCfg = Debug|Any CPU
		{13F126E6-AB09-4AAC-871E-5BC9B48E3E22}.Debug|x64.Build.0 = Debug|Any CPU
		{13F126E6-AB09-4AAC-871E-5BC9B48E3E22}.Debug|x86.ActiveCfg = Debug|Any CPU
		{13F126E6-AB09-4AAC-871E-5BC9B48E3E22}.Debug|x86.Build.0 = Debug|Any CPU
		{13F126E6-AB09-4AAC-871E-5BC9B48E3E22}.Release|Any CPU.ActiveCfg = Release|Any CPU
		{13F126E6-AB09-4AAC-871E-5BC9B48E3E22}.Release|Any CPU.Build.0 = Release|Any CPU
		{13F126E6-AB09-4AAC-871E-5BC9B48E3E22}.Release|ARM.ActiveCfg = Release|Any CPU
		{13F126E6-AB09-4AAC-871E-5BC9B48E3E22}.Release|ARM.Build.0 = Release|Any CPU
		{13F126E6-AB09-4AAC-871E-5BC9B48E3E22}.Release|iPhone.ActiveCfg = Release|Any CPU
		{13F126E6-AB09-4AAC-871E-5BC9B48E3E22}.Release|iPhone.Build.0 = Release|Any CPU
		{13F126E6-AB09-4AAC-871E-5BC9B48E3E22}.Release|iPhoneSimulator.ActiveCfg = Release|Any CPU
		{13F126E6-AB09-4AAC-871E-5BC9B48E3E22}.Release|iPhoneSimulator.Build.0 = Release|Any CPU
		{13F126E6-AB09-4AAC-871E-5BC9B48E3E22}.Release|x64.ActiveCfg = Release|Any CPU
		{13F126E6-AB09-4AAC-871E-5BC9B48E3E22}.Release|x64.Build.0 = Release|Any CPU
		{13F126E6-AB09-4AAC-871E-5BC9B48E3E22}.Release|x86.ActiveCfg = Release|Any CPU
		{13F126E6-AB09-4AAC-871E-5BC9B48E3E22}.Release|x86.Build.0 = Release|Any CPU
		{67F9D3A8-F71E-4428-913F-C37AE82CDB24}.Ad-Hoc|Any CPU.ActiveCfg = Release|Any CPU
		{67F9D3A8-F71E-4428-913F-C37AE82CDB24}.Ad-Hoc|Any CPU.Build.0 = Release|Any CPU
		{67F9D3A8-F71E-4428-913F-C37AE82CDB24}.Ad-Hoc|ARM.ActiveCfg = Release|Any CPU
		{67F9D3A8-F71E-4428-913F-C37AE82CDB24}.Ad-Hoc|ARM.Build.0 = Release|Any CPU
		{67F9D3A8-F71E-4428-913F-C37AE82CDB24}.Ad-Hoc|iPhone.ActiveCfg = Release|Any CPU
		{67F9D3A8-F71E-4428-913F-C37AE82CDB24}.Ad-Hoc|iPhone.Build.0 = Release|Any CPU
		{67F9D3A8-F71E-4428-913F-C37AE82CDB24}.Ad-Hoc|iPhoneSimulator.ActiveCfg = Release|Any CPU
		{67F9D3A8-F71E-4428-913F-C37AE82CDB24}.Ad-Hoc|iPhoneSimulator.Build.0 = Release|Any CPU
		{67F9D3A8-F71E-4428-913F-C37AE82CDB24}.Ad-Hoc|x64.ActiveCfg = Release|Any CPU
		{67F9D3A8-F71E-4428-913F-C37AE82CDB24}.Ad-Hoc|x64.Build.0 = Release|Any CPU
		{67F9D3A8-F71E-4428-913F-C37AE82CDB24}.Ad-Hoc|x86.ActiveCfg = Release|Any CPU
		{67F9D3A8-F71E-4428-913F-C37AE82CDB24}.Ad-Hoc|x86.Build.0 = Release|Any CPU
		{67F9D3A8-F71E-4428-913F-C37AE82CDB24}.AppStore|Any CPU.ActiveCfg = Release|Any CPU
		{67F9D3A8-F71E-4428-913F-C37AE82CDB24}.AppStore|Any CPU.Build.0 = Release|Any CPU
		{67F9D3A8-F71E-4428-913F-C37AE82CDB24}.AppStore|ARM.ActiveCfg = Release|Any CPU
		{67F9D3A8-F71E-4428-913F-C37AE82CDB24}.AppStore|ARM.Build.0 = Release|Any CPU
		{67F9D3A8-F71E-4428-913F-C37AE82CDB24}.AppStore|iPhone.ActiveCfg = Release|Any CPU
		{67F9D3A8-F71E-4428-913F-C37AE82CDB24}.AppStore|iPhone.Build.0 = Release|Any CPU
		{67F9D3A8-F71E-4428-913F-C37AE82CDB24}.AppStore|iPhoneSimulator.ActiveCfg = Release|Any CPU
		{67F9D3A8-F71E-4428-913F-C37AE82CDB24}.AppStore|iPhoneSimulator.Build.0 = Release|Any CPU
		{67F9D3A8-F71E-4428-913F-C37AE82CDB24}.AppStore|x64.ActiveCfg = Release|Any CPU
		{67F9D3A8-F71E-4428-913F-C37AE82CDB24}.AppStore|x64.Build.0 = Release|Any CPU
		{67F9D3A8-F71E-4428-913F-C37AE82CDB24}.AppStore|x86.ActiveCfg = Release|Any CPU
		{67F9D3A8-F71E-4428-913F-C37AE82CDB24}.AppStore|x86.Build.0 = Release|Any CPU
		{67F9D3A8-F71E-4428-913F-C37AE82CDB24}.Debug|Any CPU.ActiveCfg = Debug|Any CPU
		{67F9D3A8-F71E-4428-913F-C37AE82CDB24}.Debug|Any CPU.Build.0 = Debug|Any CPU
		{67F9D3A8-F71E-4428-913F-C37AE82CDB24}.Debug|ARM.ActiveCfg = Debug|Any CPU
		{67F9D3A8-F71E-4428-913F-C37AE82CDB24}.Debug|ARM.Build.0 = Debug|Any CPU
		{67F9D3A8-F71E-4428-913F-C37AE82CDB24}.Debug|iPhone.ActiveCfg = Debug|Any CPU
		{67F9D3A8-F71E-4428-913F-C37AE82CDB24}.Debug|iPhone.Build.0 = Debug|Any CPU
		{67F9D3A8-F71E-4428-913F-C37AE82CDB24}.Debug|iPhoneSimulator.ActiveCfg = Debug|Any CPU
		{67F9D3A8-F71E-4428-913F-C37AE82CDB24}.Debug|iPhoneSimulator.Build.0 = Debug|Any CPU
		{67F9D3A8-F71E-4428-913F-C37AE82CDB24}.Debug|x64.ActiveCfg = Debug|Any CPU
		{67F9D3A8-F71E-4428-913F-C37AE82CDB24}.Debug|x64.Build.0 = Debug|Any CPU
		{67F9D3A8-F71E-4428-913F-C37AE82CDB24}.Debug|x86.ActiveCfg = Debug|Any CPU
		{67F9D3A8-F71E-4428-913F-C37AE82CDB24}.Debug|x86.Build.0 = Debug|Any CPU
		{67F9D3A8-F71E-4428-913F-C37AE82CDB24}.Release|Any CPU.ActiveCfg = Release|Any CPU
		{67F9D3A8-F71E-4428-913F-C37AE82CDB24}.Release|Any CPU.Build.0 = Release|Any CPU
		{67F9D3A8-F71E-4428-913F-C37AE82CDB24}.Release|ARM.ActiveCfg = Release|Any CPU
		{67F9D3A8-F71E-4428-913F-C37AE82CDB24}.Release|ARM.Build.0 = Release|Any CPU
		{67F9D3A8-F71E-4428-913F-C37AE82CDB24}.Release|iPhone.ActiveCfg = Release|Any CPU
		{67F9D3A8-F71E-4428-913F-C37AE82CDB24}.Release|iPhone.Build.0 = Release|Any CPU
		{67F9D3A8-F71E-4428-913F-C37AE82CDB24}.Release|iPhoneSimulator.ActiveCfg = Release|Any CPU
		{67F9D3A8-F71E-4428-913F-C37AE82CDB24}.Release|iPhoneSimulator.Build.0 = Release|Any CPU
		{67F9D3A8-F71E-4428-913F-C37AE82CDB24}.Release|x64.ActiveCfg = Release|Any CPU
		{67F9D3A8-F71E-4428-913F-C37AE82CDB24}.Release|x64.Build.0 = Release|Any CPU
		{67F9D3A8-F71E-4428-913F-C37AE82CDB24}.Release|x86.ActiveCfg = Release|Any CPU
		{67F9D3A8-F71E-4428-913F-C37AE82CDB24}.Release|x86.Build.0 = Release|Any CPU
		{3F6D4C71-2670-4821-B6ED-20A74E0FF372}.Ad-Hoc|Any CPU.ActiveCfg = Release|Any CPU
		{3F6D4C71-2670-4821-B6ED-20A74E0FF372}.Ad-Hoc|Any CPU.Build.0 = Release|Any CPU
		{3F6D4C71-2670-4821-B6ED-20A74E0FF372}.Ad-Hoc|ARM.ActiveCfg = Release|Any CPU
		{3F6D4C71-2670-4821-B6ED-20A74E0FF372}.Ad-Hoc|ARM.Build.0 = Release|Any CPU
		{3F6D4C71-2670-4821-B6ED-20A74E0FF372}.Ad-Hoc|iPhone.ActiveCfg = Release|Any CPU
		{3F6D4C71-2670-4821-B6ED-20A74E0FF372}.Ad-Hoc|iPhone.Build.0 = Release|Any CPU
		{3F6D4C71-2670-4821-B6ED-20A74E0FF372}.Ad-Hoc|iPhoneSimulator.ActiveCfg = Release|Any CPU
		{3F6D4C71-2670-4821-B6ED-20A74E0FF372}.Ad-Hoc|iPhoneSimulator.Build.0 = Release|Any CPU
		{3F6D4C71-2670-4821-B6ED-20A74E0FF372}.Ad-Hoc|x64.ActiveCfg = Release|Any CPU
		{3F6D4C71-2670-4821-B6ED-20A74E0FF372}.Ad-Hoc|x64.Build.0 = Release|Any CPU
		{3F6D4C71-2670-4821-B6ED-20A74E0FF372}.Ad-Hoc|x86.ActiveCfg = Release|Any CPU
		{3F6D4C71-2670-4821-B6ED-20A74E0FF372}.Ad-Hoc|x86.Build.0 = Release|Any CPU
		{3F6D4C71-2670-4821-B6ED-20A74E0FF372}.AppStore|Any CPU.ActiveCfg = Release|Any CPU
		{3F6D4C71-2670-4821-B6ED-20A74E0FF372}.AppStore|Any CPU.Build.0 = Release|Any CPU
		{3F6D4C71-2670-4821-B6ED-20A74E0FF372}.AppStore|ARM.ActiveCfg = Release|Any CPU
		{3F6D4C71-2670-4821-B6ED-20A74E0FF372}.AppStore|ARM.Build.0 = Release|Any CPU
		{3F6D4C71-2670-4821-B6ED-20A74E0FF372}.AppStore|iPhone.ActiveCfg = Release|Any CPU
		{3F6D4C71-2670-4821-B6ED-20A74E0FF372}.AppStore|iPhone.Build.0 = Release|Any CPU
		{3F6D4C71-2670-4821-B6ED-20A74E0FF372}.AppStore|iPhoneSimulator.ActiveCfg = Release|Any CPU
		{3F6D4C71-2670-4821-B6ED-20A74E0FF372}.AppStore|iPhoneSimulator.Build.0 = Release|Any CPU
		{3F6D4C71-2670-4821-B6ED-20A74E0FF372}.AppStore|x64.ActiveCfg = Release|Any CPU
		{3F6D4C71-2670-4821-B6ED-20A74E0FF372}.AppStore|x64.Build.0 = Release|Any CPU
		{3F6D4C71-2670-4821-B6ED-20A74E0FF372}.AppStore|x86.ActiveCfg = Release|Any CPU
		{3F6D4C71-2670-4821-B6ED-20A74E0FF372}.AppStore|x86.Build.0 = Release|Any CPU
		{3F6D4C71-2670-4821-B6ED-20A74E0FF372}.Debug|Any CPU.ActiveCfg = Debug|Any CPU
		{3F6D4C71-2670-4821-B6ED-20A74E0FF372}.Debug|Any CPU.Build.0 = Debug|Any CPU
		{3F6D4C71-2670-4821-B6ED-20A74E0FF372}.Debug|ARM.ActiveCfg = Debug|Any CPU
		{3F6D4C71-2670-4821-B6ED-20A74E0FF372}.Debug|ARM.Build.0 = Debug|Any CPU
		{3F6D4C71-2670-4821-B6ED-20A74E0FF372}.Debug|iPhone.ActiveCfg = Debug|Any CPU
		{3F6D4C71-2670-4821-B6ED-20A74E0FF372}.Debug|iPhone.Build.0 = Debug|Any CPU
		{3F6D4C71-2670-4821-B6ED-20A74E0FF372}.Debug|iPhoneSimulator.ActiveCfg = Debug|Any CPU
		{3F6D4C71-2670-4821-B6ED-20A74E0FF372}.Debug|iPhoneSimulator.Build.0 = Debug|Any CPU
		{3F6D4C71-2670-4821-B6ED-20A74E0FF372}.Debug|x64.ActiveCfg = Debug|Any CPU
		{3F6D4C71-2670-4821-B6ED-20A74E0FF372}.Debug|x64.Build.0 = Debug|Any CPU
		{3F6D4C71-2670-4821-B6ED-20A74E0FF372}.Debug|x86.ActiveCfg = Debug|Any CPU
		{3F6D4C71-2670-4821-B6ED-20A74E0FF372}.Debug|x86.Build.0 = Debug|Any CPU
		{3F6D4C71-2670-4821-B6ED-20A74E0FF372}.Release|Any CPU.ActiveCfg = Release|Any CPU
		{3F6D4C71-2670-4821-B6ED-20A74E0FF372}.Release|Any CPU.Build.0 = Release|Any CPU
		{3F6D4C71-2670-4821-B6ED-20A74E0FF372}.Release|ARM.ActiveCfg = Release|Any CPU
		{3F6D4C71-2670-4821-B6ED-20A74E0FF372}.Release|ARM.Build.0 = Release|Any CPU
		{3F6D4C71-2670-4821-B6ED-20A74E0FF372}.Release|iPhone.ActiveCfg = Release|Any CPU
		{3F6D4C71-2670-4821-B6ED-20A74E0FF372}.Release|iPhone.Build.0 = Release|Any CPU
		{3F6D4C71-2670-4821-B6ED-20A74E0FF372}.Release|iPhoneSimulator.ActiveCfg = Release|Any CPU
		{3F6D4C71-2670-4821-B6ED-20A74E0FF372}.Release|iPhoneSimulator.Build.0 = Release|Any CPU
		{3F6D4C71-2670-4821-B6ED-20A74E0FF372}.Release|x64.ActiveCfg = Release|Any CPU
		{3F6D4C71-2670-4821-B6ED-20A74E0FF372}.Release|x64.Build.0 = Release|Any CPU
		{3F6D4C71-2670-4821-B6ED-20A74E0FF372}.Release|x86.ActiveCfg = Release|Any CPU
		{3F6D4C71-2670-4821-B6ED-20A74E0FF372}.Release|x86.Build.0 = Release|Any CPU
		{CF24EF32-35FF-4EE7-8306-B078EF0A5E73}.Ad-Hoc|Any CPU.ActiveCfg = Release|Any CPU
		{CF24EF32-35FF-4EE7-8306-B078EF0A5E73}.Ad-Hoc|Any CPU.Build.0 = Release|Any CPU
		{CF24EF32-35FF-4EE7-8306-B078EF0A5E73}.Ad-Hoc|ARM.ActiveCfg = Release|Any CPU
		{CF24EF32-35FF-4EE7-8306-B078EF0A5E73}.Ad-Hoc|ARM.Build.0 = Release|Any CPU
		{CF24EF32-35FF-4EE7-8306-B078EF0A5E73}.Ad-Hoc|iPhone.ActiveCfg = Release|Any CPU
		{CF24EF32-35FF-4EE7-8306-B078EF0A5E73}.Ad-Hoc|iPhone.Build.0 = Release|Any CPU
		{CF24EF32-35FF-4EE7-8306-B078EF0A5E73}.Ad-Hoc|iPhoneSimulator.ActiveCfg = Release|Any CPU
		{CF24EF32-35FF-4EE7-8306-B078EF0A5E73}.Ad-Hoc|iPhoneSimulator.Build.0 = Release|Any CPU
		{CF24EF32-35FF-4EE7-8306-B078EF0A5E73}.Ad-Hoc|x64.ActiveCfg = Release|Any CPU
		{CF24EF32-35FF-4EE7-8306-B078EF0A5E73}.Ad-Hoc|x64.Build.0 = Release|Any CPU
		{CF24EF32-35FF-4EE7-8306-B078EF0A5E73}.Ad-Hoc|x86.ActiveCfg = Release|Any CPU
		{CF24EF32-35FF-4EE7-8306-B078EF0A5E73}.Ad-Hoc|x86.Build.0 = Release|Any CPU
		{CF24EF32-35FF-4EE7-8306-B078EF0A5E73}.AppStore|Any CPU.ActiveCfg = Release|Any CPU
		{CF24EF32-35FF-4EE7-8306-B078EF0A5E73}.AppStore|Any CPU.Build.0 = Release|Any CPU
		{CF24EF32-35FF-4EE7-8306-B078EF0A5E73}.AppStore|ARM.ActiveCfg = Release|Any CPU
		{CF24EF32-35FF-4EE7-8306-B078EF0A5E73}.AppStore|ARM.Build.0 = Release|Any CPU
		{CF24EF32-35FF-4EE7-8306-B078EF0A5E73}.AppStore|iPhone.ActiveCfg = Release|Any CPU
		{CF24EF32-35FF-4EE7-8306-B078EF0A5E73}.AppStore|iPhone.Build.0 = Release|Any CPU
		{CF24EF32-35FF-4EE7-8306-B078EF0A5E73}.AppStore|iPhoneSimulator.ActiveCfg = Release|Any CPU
		{CF24EF32-35FF-4EE7-8306-B078EF0A5E73}.AppStore|iPhoneSimulator.Build.0 = Release|Any CPU
		{CF24EF32-35FF-4EE7-8306-B078EF0A5E73}.AppStore|x64.ActiveCfg = Release|Any CPU
		{CF24EF32-35FF-4EE7-8306-B078EF0A5E73}.AppStore|x64.Build.0 = Release|Any CPU
		{CF24EF32-35FF-4EE7-8306-B078EF0A5E73}.AppStore|x86.ActiveCfg = Release|Any CPU
		{CF24EF32-35FF-4EE7-8306-B078EF0A5E73}.AppStore|x86.Build.0 = Release|Any CPU
		{CF24EF32-35FF-4EE7-8306-B078EF0A5E73}.Debug|Any CPU.ActiveCfg = Debug|Any CPU
		{CF24EF32-35FF-4EE7-8306-B078EF0A5E73}.Debug|Any CPU.Build.0 = Debug|Any CPU
		{CF24EF32-35FF-4EE7-8306-B078EF0A5E73}.Debug|ARM.ActiveCfg = Debug|Any CPU
		{CF24EF32-35FF-4EE7-8306-B078EF0A5E73}.Debug|ARM.Build.0 = Debug|Any CPU
		{CF24EF32-35FF-4EE7-8306-B078EF0A5E73}.Debug|iPhone.ActiveCfg = Debug|Any CPU
		{CF24EF32-35FF-4EE7-8306-B078EF0A5E73}.Debug|iPhone.Build.0 = Debug|Any CPU
		{CF24EF32-35FF-4EE7-8306-B078EF0A5E73}.Debug|iPhoneSimulator.ActiveCfg = Debug|Any CPU
		{CF24EF32-35FF-4EE7-8306-B078EF0A5E73}.Debug|iPhoneSimulator.Build.0 = Debug|Any CPU
		{CF24EF32-35FF-4EE7-8306-B078EF0A5E73}.Debug|x64.ActiveCfg = Debug|Any CPU
		{CF24EF32-35FF-4EE7-8306-B078EF0A5E73}.Debug|x64.Build.0 = Debug|Any CPU
		{CF24EF32-35FF-4EE7-8306-B078EF0A5E73}.Debug|x86.ActiveCfg = Debug|Any CPU
		{CF24EF32-35FF-4EE7-8306-B078EF0A5E73}.Debug|x86.Build.0 = Debug|Any CPU
		{CF24EF32-35FF-4EE7-8306-B078EF0A5E73}.Release|Any CPU.ActiveCfg = Release|Any CPU
		{CF24EF32-35FF-4EE7-8306-B078EF0A5E73}.Release|Any CPU.Build.0 = Release|Any CPU
		{CF24EF32-35FF-4EE7-8306-B078EF0A5E73}.Release|ARM.ActiveCfg = Release|Any CPU
		{CF24EF32-35FF-4EE7-8306-B078EF0A5E73}.Release|ARM.Build.0 = Release|Any CPU
		{CF24EF32-35FF-4EE7-8306-B078EF0A5E73}.Release|iPhone.ActiveCfg = Release|Any CPU
		{CF24EF32-35FF-4EE7-8306-B078EF0A5E73}.Release|iPhone.Build.0 = Release|Any CPU
		{CF24EF32-35FF-4EE7-8306-B078EF0A5E73}.Release|iPhoneSimulator.ActiveCfg = Release|Any CPU
		{CF24EF32-35FF-4EE7-8306-B078EF0A5E73}.Release|iPhoneSimulator.Build.0 = Release|Any CPU
		{CF24EF32-35FF-4EE7-8306-B078EF0A5E73}.Release|x64.ActiveCfg = Release|Any CPU
		{CF24EF32-35FF-4EE7-8306-B078EF0A5E73}.Release|x64.Build.0 = Release|Any CPU
		{CF24EF32-35FF-4EE7-8306-B078EF0A5E73}.Release|x86.ActiveCfg = Release|Any CPU
		{CF24EF32-35FF-4EE7-8306-B078EF0A5E73}.Release|x86.Build.0 = Release|Any CPU
		{E0E74A7B-2314-49FF-B002-86F2BD3C0FED}.Ad-Hoc|Any CPU.ActiveCfg = Release|Any CPU
		{E0E74A7B-2314-49FF-B002-86F2BD3C0FED}.Ad-Hoc|Any CPU.Build.0 = Release|Any CPU
		{E0E74A7B-2314-49FF-B002-86F2BD3C0FED}.Ad-Hoc|ARM.ActiveCfg = Release|Any CPU
		{E0E74A7B-2314-49FF-B002-86F2BD3C0FED}.Ad-Hoc|ARM.Build.0 = Release|Any CPU
		{E0E74A7B-2314-49FF-B002-86F2BD3C0FED}.Ad-Hoc|iPhone.ActiveCfg = Release|Any CPU
		{E0E74A7B-2314-49FF-B002-86F2BD3C0FED}.Ad-Hoc|iPhone.Build.0 = Release|Any CPU
		{E0E74A7B-2314-49FF-B002-86F2BD3C0FED}.Ad-Hoc|iPhoneSimulator.ActiveCfg = Release|Any CPU
		{E0E74A7B-2314-49FF-B002-86F2BD3C0FED}.Ad-Hoc|iPhoneSimulator.Build.0 = Release|Any CPU
		{E0E74A7B-2314-49FF-B002-86F2BD3C0FED}.Ad-Hoc|x64.ActiveCfg = Release|Any CPU
		{E0E74A7B-2314-49FF-B002-86F2BD3C0FED}.Ad-Hoc|x64.Build.0 = Release|Any CPU
		{E0E74A7B-2314-49FF-B002-86F2BD3C0FED}.Ad-Hoc|x86.ActiveCfg = Release|Any CPU
		{E0E74A7B-2314-49FF-B002-86F2BD3C0FED}.Ad-Hoc|x86.Build.0 = Release|Any CPU
		{E0E74A7B-2314-49FF-B002-86F2BD3C0FED}.AppStore|Any CPU.ActiveCfg = Release|Any CPU
		{E0E74A7B-2314-49FF-B002-86F2BD3C0FED}.AppStore|Any CPU.Build.0 = Release|Any CPU
		{E0E74A7B-2314-49FF-B002-86F2BD3C0FED}.AppStore|ARM.ActiveCfg = Release|Any CPU
		{E0E74A7B-2314-49FF-B002-86F2BD3C0FED}.AppStore|ARM.Build.0 = Release|Any CPU
		{E0E74A7B-2314-49FF-B002-86F2BD3C0FED}.AppStore|iPhone.ActiveCfg = Release|Any CPU
		{E0E74A7B-2314-49FF-B002-86F2BD3C0FED}.AppStore|iPhone.Build.0 = Release|Any CPU
		{E0E74A7B-2314-49FF-B002-86F2BD3C0FED}.AppStore|iPhoneSimulator.ActiveCfg = Release|Any CPU
		{E0E74A7B-2314-49FF-B002-86F2BD3C0FED}.AppStore|iPhoneSimulator.Build.0 = Release|Any CPU
		{E0E74A7B-2314-49FF-B002-86F2BD3C0FED}.AppStore|x64.ActiveCfg = Release|Any CPU
		{E0E74A7B-2314-49FF-B002-86F2BD3C0FED}.AppStore|x64.Build.0 = Release|Any CPU
		{E0E74A7B-2314-49FF-B002-86F2BD3C0FED}.AppStore|x86.ActiveCfg = Release|Any CPU
		{E0E74A7B-2314-49FF-B002-86F2BD3C0FED}.AppStore|x86.Build.0 = Release|Any CPU
		{E0E74A7B-2314-49FF-B002-86F2BD3C0FED}.Debug|Any CPU.ActiveCfg = Debug|Any CPU
		{E0E74A7B-2314-49FF-B002-86F2BD3C0FED}.Debug|Any CPU.Build.0 = Debug|Any CPU
		{E0E74A7B-2314-49FF-B002-86F2BD3C0FED}.Debug|ARM.ActiveCfg = Debug|Any CPU
		{E0E74A7B-2314-49FF-B002-86F2BD3C0FED}.Debug|ARM.Build.0 = Debug|Any CPU
		{E0E74A7B-2314-49FF-B002-86F2BD3C0FED}.Debug|iPhone.ActiveCfg = Debug|Any CPU
		{E0E74A7B-2314-49FF-B002-86F2BD3C0FED}.Debug|iPhone.Build.0 = Debug|Any CPU
		{E0E74A7B-2314-49FF-B002-86F2BD3C0FED}.Debug|iPhoneSimulator.ActiveCfg = Debug|Any CPU
		{E0E74A7B-2314-49FF-B002-86F2BD3C0FED}.Debug|iPhoneSimulator.Build.0 = Debug|Any CPU
		{E0E74A7B-2314-49FF-B002-86F2BD3C0FED}.Debug|x64.ActiveCfg = Debug|Any CPU
		{E0E74A7B-2314-49FF-B002-86F2BD3C0FED}.Debug|x64.Build.0 = Debug|Any CPU
		{E0E74A7B-2314-49FF-B002-86F2BD3C0FED}.Debug|x86.ActiveCfg = Debug|Any CPU
		{E0E74A7B-2314-49FF-B002-86F2BD3C0FED}.Debug|x86.Build.0 = Debug|Any CPU
		{E0E74A7B-2314-49FF-B002-86F2BD3C0FED}.Release|Any CPU.ActiveCfg = Release|Any CPU
		{E0E74A7B-2314-49FF-B002-86F2BD3C0FED}.Release|Any CPU.Build.0 = Release|Any CPU
		{E0E74A7B-2314-49FF-B002-86F2BD3C0FED}.Release|ARM.ActiveCfg = Release|Any CPU
		{E0E74A7B-2314-49FF-B002-86F2BD3C0FED}.Release|ARM.Build.0 = Release|Any CPU
		{E0E74A7B-2314-49FF-B002-86F2BD3C0FED}.Release|iPhone.ActiveCfg = Release|Any CPU
		{E0E74A7B-2314-49FF-B002-86F2BD3C0FED}.Release|iPhone.Build.0 = Release|Any CPU
		{E0E74A7B-2314-49FF-B002-86F2BD3C0FED}.Release|iPhoneSimulator.ActiveCfg = Release|Any CPU
		{E0E74A7B-2314-49FF-B002-86F2BD3C0FED}.Release|iPhoneSimulator.Build.0 = Release|Any CPU
		{E0E74A7B-2314-49FF-B002-86F2BD3C0FED}.Release|x64.ActiveCfg = Release|Any CPU
		{E0E74A7B-2314-49FF-B002-86F2BD3C0FED}.Release|x64.Build.0 = Release|Any CPU
		{E0E74A7B-2314-49FF-B002-86F2BD3C0FED}.Release|x86.ActiveCfg = Release|Any CPU
		{E0E74A7B-2314-49FF-B002-86F2BD3C0FED}.Release|x86.Build.0 = Release|Any CPU
		{47B66D5B-D51A-45AD-8046-6A015FF9DEC2}.Ad-Hoc|Any CPU.ActiveCfg = Release|Any CPU
		{47B66D5B-D51A-45AD-8046-6A015FF9DEC2}.Ad-Hoc|Any CPU.Build.0 = Release|Any CPU
		{47B66D5B-D51A-45AD-8046-6A015FF9DEC2}.Ad-Hoc|ARM.ActiveCfg = Release|Any CPU
		{47B66D5B-D51A-45AD-8046-6A015FF9DEC2}.Ad-Hoc|ARM.Build.0 = Release|Any CPU
		{47B66D5B-D51A-45AD-8046-6A015FF9DEC2}.Ad-Hoc|iPhone.ActiveCfg = Release|Any CPU
		{47B66D5B-D51A-45AD-8046-6A015FF9DEC2}.Ad-Hoc|iPhone.Build.0 = Release|Any CPU
		{47B66D5B-D51A-45AD-8046-6A015FF9DEC2}.Ad-Hoc|iPhoneSimulator.ActiveCfg = Release|Any CPU
		{47B66D5B-D51A-45AD-8046-6A015FF9DEC2}.Ad-Hoc|iPhoneSimulator.Build.0 = Release|Any CPU
		{47B66D5B-D51A-45AD-8046-6A015FF9DEC2}.Ad-Hoc|x64.ActiveCfg = Release|Any CPU
		{47B66D5B-D51A-45AD-8046-6A015FF9DEC2}.Ad-Hoc|x64.Build.0 = Release|Any CPU
		{47B66D5B-D51A-45AD-8046-6A015FF9DEC2}.Ad-Hoc|x86.ActiveCfg = Release|Any CPU
		{47B66D5B-D51A-45AD-8046-6A015FF9DEC2}.Ad-Hoc|x86.Build.0 = Release|Any CPU
		{47B66D5B-D51A-45AD-8046-6A015FF9DEC2}.AppStore|Any CPU.ActiveCfg = Release|Any CPU
		{47B66D5B-D51A-45AD-8046-6A015FF9DEC2}.AppStore|Any CPU.Build.0 = Release|Any CPU
		{47B66D5B-D51A-45AD-8046-6A015FF9DEC2}.AppStore|ARM.ActiveCfg = Release|Any CPU
		{47B66D5B-D51A-45AD-8046-6A015FF9DEC2}.AppStore|ARM.Build.0 = Release|Any CPU
		{47B66D5B-D51A-45AD-8046-6A015FF9DEC2}.AppStore|iPhone.ActiveCfg = Release|Any CPU
		{47B66D5B-D51A-45AD-8046-6A015FF9DEC2}.AppStore|iPhone.Build.0 = Release|Any CPU
		{47B66D5B-D51A-45AD-8046-6A015FF9DEC2}.AppStore|iPhoneSimulator.ActiveCfg = Release|Any CPU
		{47B66D5B-D51A-45AD-8046-6A015FF9DEC2}.AppStore|iPhoneSimulator.Build.0 = Release|Any CPU
		{47B66D5B-D51A-45AD-8046-6A015FF9DEC2}.AppStore|x64.ActiveCfg = Release|Any CPU
		{47B66D5B-D51A-45AD-8046-6A015FF9DEC2}.AppStore|x64.Build.0 = Release|Any CPU
		{47B66D5B-D51A-45AD-8046-6A015FF9DEC2}.AppStore|x86.ActiveCfg = Release|Any CPU
		{47B66D5B-D51A-45AD-8046-6A015FF9DEC2}.AppStore|x86.Build.0 = Release|Any CPU
		{47B66D5B-D51A-45AD-8046-6A015FF9DEC2}.Debug|Any CPU.ActiveCfg = Debug|Any CPU
		{47B66D5B-D51A-45AD-8046-6A015FF9DEC2}.Debug|Any CPU.Build.0 = Debug|Any CPU
		{47B66D5B-D51A-45AD-8046-6A015FF9DEC2}.Debug|ARM.ActiveCfg = Debug|Any CPU
		{47B66D5B-D51A-45AD-8046-6A015FF9DEC2}.Debug|ARM.Build.0 = Debug|Any CPU
		{47B66D5B-D51A-45AD-8046-6A015FF9DEC2}.Debug|iPhone.ActiveCfg = Debug|Any CPU
		{47B66D5B-D51A-45AD-8046-6A015FF9DEC2}.Debug|iPhone.Build.0 = Debug|Any CPU
		{47B66D5B-D51A-45AD-8046-6A015FF9DEC2}.Debug|iPhoneSimulator.ActiveCfg = Debug|Any CPU
		{47B66D5B-D51A-45AD-8046-6A015FF9DEC2}.Debug|iPhoneSimulator.Build.0 = Debug|Any CPU
		{47B66D5B-D51A-45AD-8046-6A015FF9DEC2}.Debug|x64.ActiveCfg = Debug|Any CPU
		{47B66D5B-D51A-45AD-8046-6A015FF9DEC2}.Debug|x64.Build.0 = Debug|Any CPU
		{47B66D5B-D51A-45AD-8046-6A015FF9DEC2}.Debug|x86.ActiveCfg = Debug|Any CPU
		{47B66D5B-D51A-45AD-8046-6A015FF9DEC2}.Debug|x86.Build.0 = Debug|Any CPU
		{47B66D5B-D51A-45AD-8046-6A015FF9DEC2}.Release|Any CPU.ActiveCfg = Release|Any CPU
		{47B66D5B-D51A-45AD-8046-6A015FF9DEC2}.Release|Any CPU.Build.0 = Release|Any CPU
		{47B66D5B-D51A-45AD-8046-6A015FF9DEC2}.Release|ARM.ActiveCfg = Release|Any CPU
		{47B66D5B-D51A-45AD-8046-6A015FF9DEC2}.Release|ARM.Build.0 = Release|Any CPU
		{47B66D5B-D51A-45AD-8046-6A015FF9DEC2}.Release|iPhone.ActiveCfg = Release|Any CPU
		{47B66D5B-D51A-45AD-8046-6A015FF9DEC2}.Release|iPhone.Build.0 = Release|Any CPU
		{47B66D5B-D51A-45AD-8046-6A015FF9DEC2}.Release|iPhoneSimulator.ActiveCfg = Release|Any CPU
		{47B66D5B-D51A-45AD-8046-6A015FF9DEC2}.Release|iPhoneSimulator.Build.0 = Release|Any CPU
		{47B66D5B-D51A-45AD-8046-6A015FF9DEC2}.Release|x64.ActiveCfg = Release|Any CPU
		{47B66D5B-D51A-45AD-8046-6A015FF9DEC2}.Release|x64.Build.0 = Release|Any CPU
		{47B66D5B-D51A-45AD-8046-6A015FF9DEC2}.Release|x86.ActiveCfg = Release|Any CPU
		{47B66D5B-D51A-45AD-8046-6A015FF9DEC2}.Release|x86.Build.0 = Release|Any CPU
		{CA87884D-5E4F-46B0-83E6-6CA34E5C74B2}.Ad-Hoc|Any CPU.ActiveCfg = Release|Any CPU
		{CA87884D-5E4F-46B0-83E6-6CA34E5C74B2}.Ad-Hoc|Any CPU.Build.0 = Release|Any CPU
		{CA87884D-5E4F-46B0-83E6-6CA34E5C74B2}.Ad-Hoc|Any CPU.Deploy.0 = Release|Any CPU
		{CA87884D-5E4F-46B0-83E6-6CA34E5C74B2}.Ad-Hoc|ARM.ActiveCfg = Release|Any CPU
		{CA87884D-5E4F-46B0-83E6-6CA34E5C74B2}.Ad-Hoc|ARM.Build.0 = Release|Any CPU
		{CA87884D-5E4F-46B0-83E6-6CA34E5C74B2}.Ad-Hoc|ARM.Deploy.0 = Release|Any CPU
		{CA87884D-5E4F-46B0-83E6-6CA34E5C74B2}.Ad-Hoc|iPhone.ActiveCfg = Release|Any CPU
		{CA87884D-5E4F-46B0-83E6-6CA34E5C74B2}.Ad-Hoc|iPhone.Build.0 = Release|Any CPU
		{CA87884D-5E4F-46B0-83E6-6CA34E5C74B2}.Ad-Hoc|iPhone.Deploy.0 = Release|Any CPU
		{CA87884D-5E4F-46B0-83E6-6CA34E5C74B2}.Ad-Hoc|iPhoneSimulator.ActiveCfg = Release|Any CPU
		{CA87884D-5E4F-46B0-83E6-6CA34E5C74B2}.Ad-Hoc|iPhoneSimulator.Build.0 = Release|Any CPU
		{CA87884D-5E4F-46B0-83E6-6CA34E5C74B2}.Ad-Hoc|iPhoneSimulator.Deploy.0 = Release|Any CPU
		{CA87884D-5E4F-46B0-83E6-6CA34E5C74B2}.Ad-Hoc|x64.ActiveCfg = Release|Any CPU
		{CA87884D-5E4F-46B0-83E6-6CA34E5C74B2}.Ad-Hoc|x64.Build.0 = Release|Any CPU
		{CA87884D-5E4F-46B0-83E6-6CA34E5C74B2}.Ad-Hoc|x64.Deploy.0 = Release|Any CPU
		{CA87884D-5E4F-46B0-83E6-6CA34E5C74B2}.Ad-Hoc|x86.ActiveCfg = Release|Any CPU
		{CA87884D-5E4F-46B0-83E6-6CA34E5C74B2}.Ad-Hoc|x86.Build.0 = Release|Any CPU
		{CA87884D-5E4F-46B0-83E6-6CA34E5C74B2}.Ad-Hoc|x86.Deploy.0 = Release|Any CPU
		{CA87884D-5E4F-46B0-83E6-6CA34E5C74B2}.AppStore|Any CPU.ActiveCfg = Release|Any CPU
		{CA87884D-5E4F-46B0-83E6-6CA34E5C74B2}.AppStore|Any CPU.Build.0 = Release|Any CPU
		{CA87884D-5E4F-46B0-83E6-6CA34E5C74B2}.AppStore|Any CPU.Deploy.0 = Release|Any CPU
		{CA87884D-5E4F-46B0-83E6-6CA34E5C74B2}.AppStore|ARM.ActiveCfg = Release|Any CPU
		{CA87884D-5E4F-46B0-83E6-6CA34E5C74B2}.AppStore|ARM.Build.0 = Release|Any CPU
		{CA87884D-5E4F-46B0-83E6-6CA34E5C74B2}.AppStore|ARM.Deploy.0 = Release|Any CPU
		{CA87884D-5E4F-46B0-83E6-6CA34E5C74B2}.AppStore|iPhone.ActiveCfg = Release|Any CPU
		{CA87884D-5E4F-46B0-83E6-6CA34E5C74B2}.AppStore|iPhone.Build.0 = Release|Any CPU
		{CA87884D-5E4F-46B0-83E6-6CA34E5C74B2}.AppStore|iPhone.Deploy.0 = Release|Any CPU
		{CA87884D-5E4F-46B0-83E6-6CA34E5C74B2}.AppStore|iPhoneSimulator.ActiveCfg = Release|Any CPU
		{CA87884D-5E4F-46B0-83E6-6CA34E5C74B2}.AppStore|iPhoneSimulator.Build.0 = Release|Any CPU
		{CA87884D-5E4F-46B0-83E6-6CA34E5C74B2}.AppStore|iPhoneSimulator.Deploy.0 = Release|Any CPU
		{CA87884D-5E4F-46B0-83E6-6CA34E5C74B2}.AppStore|x64.ActiveCfg = Release|Any CPU
		{CA87884D-5E4F-46B0-83E6-6CA34E5C74B2}.AppStore|x64.Build.0 = Release|Any CPU
		{CA87884D-5E4F-46B0-83E6-6CA34E5C74B2}.AppStore|x64.Deploy.0 = Release|Any CPU
		{CA87884D-5E4F-46B0-83E6-6CA34E5C74B2}.AppStore|x86.ActiveCfg = Release|Any CPU
		{CA87884D-5E4F-46B0-83E6-6CA34E5C74B2}.AppStore|x86.Build.0 = Release|Any CPU
		{CA87884D-5E4F-46B0-83E6-6CA34E5C74B2}.AppStore|x86.Deploy.0 = Release|Any CPU
		{CA87884D-5E4F-46B0-83E6-6CA34E5C74B2}.Debug|Any CPU.ActiveCfg = Debug|Any CPU
		{CA87884D-5E4F-46B0-83E6-6CA34E5C74B2}.Debug|Any CPU.Build.0 = Debug|Any CPU
		{CA87884D-5E4F-46B0-83E6-6CA34E5C74B2}.Debug|Any CPU.Deploy.0 = Debug|Any CPU
		{CA87884D-5E4F-46B0-83E6-6CA34E5C74B2}.Debug|ARM.ActiveCfg = Debug|Any CPU
		{CA87884D-5E4F-46B0-83E6-6CA34E5C74B2}.Debug|ARM.Build.0 = Debug|Any CPU
		{CA87884D-5E4F-46B0-83E6-6CA34E5C74B2}.Debug|ARM.Deploy.0 = Debug|Any CPU
		{CA87884D-5E4F-46B0-83E6-6CA34E5C74B2}.Debug|iPhone.ActiveCfg = Debug|Any CPU
		{CA87884D-5E4F-46B0-83E6-6CA34E5C74B2}.Debug|iPhone.Build.0 = Debug|Any CPU
		{CA87884D-5E4F-46B0-83E6-6CA34E5C74B2}.Debug|iPhone.Deploy.0 = Debug|Any CPU
		{CA87884D-5E4F-46B0-83E6-6CA34E5C74B2}.Debug|iPhoneSimulator.ActiveCfg = Debug|Any CPU
		{CA87884D-5E4F-46B0-83E6-6CA34E5C74B2}.Debug|iPhoneSimulator.Build.0 = Debug|Any CPU
		{CA87884D-5E4F-46B0-83E6-6CA34E5C74B2}.Debug|iPhoneSimulator.Deploy.0 = Debug|Any CPU
		{CA87884D-5E4F-46B0-83E6-6CA34E5C74B2}.Debug|x64.ActiveCfg = Debug|Any CPU
		{CA87884D-5E4F-46B0-83E6-6CA34E5C74B2}.Debug|x64.Build.0 = Debug|Any CPU
		{CA87884D-5E4F-46B0-83E6-6CA34E5C74B2}.Debug|x64.Deploy.0 = Debug|Any CPU
		{CA87884D-5E4F-46B0-83E6-6CA34E5C74B2}.Debug|x86.ActiveCfg = Debug|Any CPU
		{CA87884D-5E4F-46B0-83E6-6CA34E5C74B2}.Debug|x86.Build.0 = Debug|Any CPU
		{CA87884D-5E4F-46B0-83E6-6CA34E5C74B2}.Debug|x86.Deploy.0 = Debug|Any CPU
		{CA87884D-5E4F-46B0-83E6-6CA34E5C74B2}.Release|Any CPU.ActiveCfg = Release|Any CPU
		{CA87884D-5E4F-46B0-83E6-6CA34E5C74B2}.Release|Any CPU.Build.0 = Release|Any CPU
		{CA87884D-5E4F-46B0-83E6-6CA34E5C74B2}.Release|Any CPU.Deploy.0 = Release|Any CPU
		{CA87884D-5E4F-46B0-83E6-6CA34E5C74B2}.Release|ARM.ActiveCfg = Release|Any CPU
		{CA87884D-5E4F-46B0-83E6-6CA34E5C74B2}.Release|ARM.Build.0 = Release|Any CPU
		{CA87884D-5E4F-46B0-83E6-6CA34E5C74B2}.Release|ARM.Deploy.0 = Release|Any CPU
		{CA87884D-5E4F-46B0-83E6-6CA34E5C74B2}.Release|iPhone.ActiveCfg = Release|Any CPU
		{CA87884D-5E4F-46B0-83E6-6CA34E5C74B2}.Release|iPhone.Build.0 = Release|Any CPU
		{CA87884D-5E4F-46B0-83E6-6CA34E5C74B2}.Release|iPhone.Deploy.0 = Release|Any CPU
		{CA87884D-5E4F-46B0-83E6-6CA34E5C74B2}.Release|iPhoneSimulator.ActiveCfg = Release|Any CPU
		{CA87884D-5E4F-46B0-83E6-6CA34E5C74B2}.Release|iPhoneSimulator.Build.0 = Release|Any CPU
		{CA87884D-5E4F-46B0-83E6-6CA34E5C74B2}.Release|iPhoneSimulator.Deploy.0 = Release|Any CPU
		{CA87884D-5E4F-46B0-83E6-6CA34E5C74B2}.Release|x64.ActiveCfg = Release|Any CPU
		{CA87884D-5E4F-46B0-83E6-6CA34E5C74B2}.Release|x64.Build.0 = Release|Any CPU
		{CA87884D-5E4F-46B0-83E6-6CA34E5C74B2}.Release|x64.Deploy.0 = Release|Any CPU
		{CA87884D-5E4F-46B0-83E6-6CA34E5C74B2}.Release|x86.ActiveCfg = Release|Any CPU
		{CA87884D-5E4F-46B0-83E6-6CA34E5C74B2}.Release|x86.Build.0 = Release|Any CPU
		{CA87884D-5E4F-46B0-83E6-6CA34E5C74B2}.Release|x86.Deploy.0 = Release|Any CPU
	EndGlobalSection
	GlobalSection(SolutionProperties) = preSolution
		HideSolutionNode = FALSE
	EndGlobalSection
	GlobalSection(ExtensibilityGlobals) = postSolution
		SolutionGuid = {614DEC5B-1BE4-412E-A9CD-6BAB0334A613}
	EndGlobalSection
EndGlobal
